
Microsoft Visual Studio Solution File, Format Version 12.00
# Visual Studio Version 16
VisualStudioVersion = 16.0.810.22
MinimumVisualStudioVersion = 10.0.40219.1
Project("{FAE04EC0-301F-11D3-BF4B-00C04F79EFBC}") = "Exercise4", "Exercise4\Exercise4.csproj", "{E0B818A7-5D6F-4492-B80B-830C4F66418D}"
EndProject
Global
	GlobalSection(SolutionConfigurationPlatforms) = preSolution
		Debug|anycpu = Debug|anycpu
		Release|anycpu = Release|anycpu
	EndGlobalSection
	GlobalSection(ProjectConfigurationPlatforms) = postSolution
		{E0B818A7-5D6F-4492-B80B-830C4F66418D}.Debug|anycpu.ActiveCfg = Debug|anycpu
		{E0B818A7-5D6F-4492-B80B-830C4F66418D}.Debug|anycpu.Build.0 = Debug|anycpu
		{E0B818A7-5D6F-4492-B80B-830C4F66418D}.Release|anycpu.ActiveCfg = Release|anycpu
		{E0B818A7-5D6F-4492-B80B-830C4F66418D}.Release|anycpu.Build.0 = Release|anycpu
	EndGlobalSection
	GlobalSection(SolutionProperties) = preSolution
		HideSolutionNode = FALSE
	EndGlobalSection
	GlobalSection(ExtensibilityGlobals) = postSolution
		SolutionGuid = {BD392263-B2D5-47BD-9562-A43237D89972}
	EndGlobalSection
EndGlobal
